Microsoft Visual Studio Solution File, Format Version 12.00
# Visual Studio 2012
Project("{FAE04EC0-301F-11D3-BF4B-00C04F79EFBC}") = "47_Ronin", "47_Ronin.csproj", "{B9BC0EE3-2D2E-49AB-AA2B-B9C675283B3A}"
EndProject
Global
	GlobalSection(SolutionConfigurationPlatforms) = preSolution
	Debug|Any CPU = Debug|Any CPU
	ExportDebug|Any CPU = ExportDebug|Any CPU
	ExportRelease|Any CPU = ExportRelease|Any CPU
	EndGlobalSection
	GlobalSection(ProjectConfigurationPlatforms) = postSolution
		{B9BC0EE3-2D2E-49AB-AA2B-B9C675283B3A}.Debug|Any CPU.ActiveCfg = Debug|Any CPU
		{B9BC0EE3-2D2E-49AB-AA2B-B9C675283B3A}.Debug|Any CPU.Build.0 = Debug|Any CPU
		{B9BC0EE3-2D2E-49AB-AA2B-B9C675283B3A}.ExportDebug|Any CPU.ActiveCfg = ExportDebug|Any CPU
		{B9BC0EE3-2D2E-49AB-AA2B-B9C675283B3A}.ExportDebug|Any CPU.Build.0 = ExportDebug|Any CPU
		{B9BC0EE3-2D2E-49AB-AA2B-B9C675283B3A}.ExportRelease|Any CPU.ActiveCfg = ExportRelease|Any CPU
		{B9BC0EE3-2D2E-49AB-AA2B-B9C675283B3A}.ExportRelease|Any CPU.Build.0 = ExportRelease|Any CPU
	EndGlobalSection
EndGlobal
